
Microsoft Visual Studio Solution File, Format Version 12.00
# Visual Studio Version 17
VisualStudioVersion = 17.4.33213.308
MinimumVisualStudioVersion = 10.0.40219.1
Project("{2150E333-8FDC-42A3-9474-1A3956D46DE8}") = "ADLE", "ADLE", "{AB0D0343-6FC3-47B6-B495-55674A88EDC6}"
EndProject
Project("{FAE04EC0-301F-11D3-BF4B-00C04F79EFBC}") = "SharedObject", "SharedObject\SharedObject.csproj", "{BDE91391-3B17-4B74-A046-65ED74926B2C}"
EndProject
Project("{2150E333-8FDC-42A3-9474-1A3956D46DE8}") = "Framework", "Framework", "{C9A75868-E88D-4835-82B3-542A6FCBAD61}"
EndProject
Project("{FAE04EC0-301F-11D3-BF4B-00C04F79EFBC}") = "DataAccess", "DataAccess\DataAccess.csproj", "{D5ED430C-D947-4AF2-9750-9EF769E07846}"
EndProject
Project("{2150E333-8FDC-42A3-9474-1A3956D46DE8}") = "Simulation", "Simulation", "{62F3CCED-8987-4896-ACBD-A5213C2228C7}"
	ProjectSection(SolutionItems) = preProject
		Graph1.dgml = Graph1.dgml
	EndProjectSection
EndProject
Project("{FAE04EC0-301F-11D3-BF4B-00C04F79EFBC}") = "FakeDataProvider", "FakeDataProvider\FakeDataProvider.csproj", "{3F711D62-1E9D-45B5-A4C4-84A81A7189CE}"
EndProject
Project("{FAE04EC0-301F-11D3-BF4B-00C04F79EFBC}") = "DomainObjects", "DomainObjects\DomainObjects.csproj", "{33B9E5B0-D3DC-45DD-8531-7366657378EA}"
EndProject
Project("{FAE04EC0-301F-11D3-BF4B-00C04F79EFBC}") = "FakeDataProvider.Test", "FakeDataProvider.Test\FakeDataProvider.Test.csproj", "{AC933555-1C95-483E-9BB3-5912A0FEB794}"
EndProject
Project("{FAE04EC0-301F-11D3-BF4B-00C04F79EFBC}") = "FieldModel", "FieldModel\FieldModel.csproj", "{8E7F2969-8FD4-47CC-A38B-6E05D2E3A336}"
EndProject
Project("{FAE04EC0-301F-11D3-BF4B-00C04F79EFBC}") = "ItemModel", "ItemModel\ItemModel.csproj", "{81B0FBD5-BF90-4042-845E-572A1E34BABF}"
EndProject
Project("{FAE04EC0-301F-11D3-BF4B-00C04F79EFBC}") = "ActionModel", "ActionModel\ActionModel.csproj", "{264B317F-9232-4909-AA3C-0FF077402B0E}"
EndProject
Project("{FAE04EC0-301F-11D3-BF4B-00C04F79EFBC}") = "GUI", "GUI\GUI.csproj", "{18AD29FF-63FB-42C9-8FAE-F09041B01E94}"
EndProject
Project("{FAE04EC0-301F-11D3-BF4B-00C04F79EFBC}") = "SimulationObjects", "FakeDevices\SimulationObjects.csproj", "{9492C558-0669-4151-B67B-6EADC4E1FB1A}"
EndProject
Project("{FAE04EC0-301F-11D3-BF4B-00C04F79EFBC}") = "SimulationObjects.Test", "FakeDevices.Test\SimulationObjects.Test.csproj", "{E75708DB-B665-4B03-A33E-7D2AB60C5F3A}"
EndProject
Project("{FAE04EC0-301F-11D3-BF4B-00C04F79EFBC}") = "GUI_Simulation", "GUI_Simulation\GUI_Simulation.csproj", "{3B9562A3-D90F-4659-BDE8-0FDBF345FDCF}"
EndProject
Project("{FAE04EC0-301F-11D3-BF4B-00C04F79EFBC}") = "SimulationDB_Migrations", "SimulationDB_Migrations\SimulationDB_Migrations.csproj", "{5CF60C0E-9B3F-4ED7-A293-E01ACA532818}"
EndProject
Project("{FAE04EC0-301F-11D3-BF4B-00C04F79EFBC}") = "DatabaseMigration", "DatabaseMigration\DatabaseMigration.csproj", "{7083035F-35C1-4538-9CB7-543690667424}"
EndProject
Project("{FAE04EC0-301F-11D3-BF4B-00C04F79EFBC}") = "GUI.Test", "GUI.Test\GUI.Test.csproj", "{2CD743AE-6039-4C99-8099-A207ACE49E92}"
EndProject
Project("{FAE04EC0-301F-11D3-BF4B-00C04F79EFBC}") = "MemoryModel", "MemoryModel\MemoryModel.csproj", "{E8555B87-7755-4ECE-AE87-4F67C48D5884}"
EndProject
Project("{FAE04EC0-301F-11D3-BF4B-00C04F79EFBC}") = "Utility", "Utility\Utility.csproj", "{945A0EE2-1850-4572-8D8D-3B879ABB3258}"
EndProject
Project("{FAE04EC0-301F-11D3-BF4B-00C04F79EFBC}") = "IoC", "IoC\IoC.csproj", "{4D1C6B25-615D-4B3A-986B-6FFB686C97A1}"
EndProject
Project("{FAE04EC0-301F-11D3-BF4B-00C04F79EFBC}") = "AdleGraph", "AdleGraph\AdleGraph.csproj", "{6E067D8A-54A4-413E-9B63-A6200CB16018}"
EndProject
Project("{FAE04EC0-301F-11D3-BF4B-00C04F79EFBC}") = "AdleGraph.Wpf", "AdleGraph.Wpf\AdleGraph.Wpf.csproj", "{0C41F220-A9B7-45E2-9B72-0998E8CCE05C}"
EndProject
Project("{FAE04EC0-301F-11D3-BF4B-00C04F79EFBC}") = "Adle.Analysis", "Adle.Analysis\Adle.Analysis.csproj", "{38A978CD-389A-4DA7-AAF7-4095E0AD9F1D}"
EndProject
Project("{FAE04EC0-301F-11D3-BF4B-00C04F79EFBC}") = "Adle.Analysis.Test", "Adle.Analysis.Test\Adle.Analysis.Test.csproj", "{D3536B16-CDF3-45A4-96EB-1D89EBDD68E3}"
EndProject
Global
	GlobalSection(SolutionConfigurationPlatforms) = preSolution
		Debug|Any CPU = Debug|Any CPU
		Debug|x64 = Debug|x64
		Debug|x86 = Debug|x86
		Release|Any CPU = Release|Any CPU
		Release|x64 = Release|x64
		Release|x86 = Release|x86
	EndGlobalSection
	GlobalSection(ProjectConfigurationPlatforms) = postSolution
		{BDE91391-3B17-4B74-A046-65ED74926B2C}.Debug|Any CPU.ActiveCfg = Debug|Any CPU
		{BDE91391-3B17-4B74-A046-65ED74926B2C}.Debug|Any CPU.Build.0 = Debug|Any CPU
		{BDE91391-3B17-4B74-A046-65ED74926B2C}.Debug|x64.ActiveCfg = Debug|Any CPU
		{BDE91391-3B17-4B74-A046-65ED74926B2C}.Debug|x64.Build.0 = Debug|Any CPU
		{BDE91391-3B17-4B74-A046-65ED74926B2C}.Debug|x86.ActiveCfg = Debug|Any CPU
		{BDE91391-3B17-4B74-A046-65ED74926B2C}.Debug|x86.Build.0 = Debug|Any CPU
		{BDE91391-3B17-4B74-A046-65ED74926B2C}.Release|Any CPU.ActiveCfg = Release|Any CPU
		{BDE91391-3B17-4B74-A046-65ED74926B2C}.Release|Any CPU.Build.0 = Release|Any CPU
		{BDE91391-3B17-4B74-A046-65ED74926B2C}.Release|x64.ActiveCfg = Release|Any CPU
		{BDE91391-3B17-4B74-A046-65ED74926B2C}.Release|x64.Build.0 = Release|Any CPU
		{BDE91391-3B17-4B74-A046-65ED74926B2C}.Release|x86.ActiveCfg = Release|Any CPU
		{BDE91391-3B17-4B74-A046-65ED74926B2C}.Release|x86.Build.0 = Release|Any CPU
		{D5ED430C-D947-4AF2-9750-9EF769E07846}.Debug|Any CPU.ActiveCfg = Debug|Any CPU
		{D5ED430C-D947-4AF2-9750-9EF769E07846}.Debug|Any CPU.Build.0 = Debug|Any CPU
		{D5ED430C-D947-4AF2-9750-9EF769E07846}.Debug|x64.ActiveCfg = Debug|Any CPU
		{D5ED430C-D947-4AF2-9750-9EF769E07846}.Debug|x64.Build.0 = Debug|Any CPU
		{D5ED430C-D947-4AF2-9750-9EF769E07846}.Debug|x86.ActiveCfg = Debug|Any CPU
		{D5ED430C-D947-4AF2-9750-9EF769E07846}.Debug|x86.Build.0 = Debug|Any CPU
		{D5ED430C-D947-4AF2-9750-9EF769E07846}.Release|Any CPU.ActiveCfg = Release|Any CPU
		{D5ED430C-D947-4AF2-9750-9EF769E07846}.Release|Any CPU.Build.0 = Release|Any CPU
		{D5ED430C-D947-4AF2-9750-9EF769E07846}.Release|x64.ActiveCfg = Release|Any CPU
		{D5ED430C-D947-4AF2-9750-9EF769E07846}.Release|x64.Build.0 = Release|Any CPU
		{D5ED430C-D947-4AF2-9750-9EF769E07846}.Release|x86.ActiveCfg = Release|Any CPU
		{D5ED430C-D947-4AF2-9750-9EF769E07846}.Release|x86.Build.0 = Release|Any CPU
		{3F711D62-1E9D-45B5-A4C4-84A81A7189CE}.Debug|Any CPU.ActiveCfg = Debug|Any CPU
		{3F711D62-1E9D-45B5-A4C4-84A81A7189CE}.Debug|Any CPU.Build.0 = Debug|Any CPU
		{3F711D62-1E9D-45B5-A4C4-84A81A7189CE}.Debug|x64.ActiveCfg = Debug|Any CPU
		{3F711D62-1E9D-45B5-A4C4-84A81A7189CE}.Debug|x64.Build.0 = Debug|Any CPU
		{3F711D62-1E9D-45B5-A4C4-84A81A7189CE}.Debug|x86.ActiveCfg = Debug|Any CPU
		{3F711D62-1E9D-45B5-A4C4-84A81A7189CE}.Debug|x86.Build.0 = Debug|Any CPU
		{3F711D62-1E9D-45B5-A4C4-84A81A7189CE}.Release|Any CPU.ActiveCfg = Release|Any CPU
		{3F711D62-1E9D-45B5-A4C4-84A81A7189CE}.Release|Any CPU.Build.0 = Release|Any CPU
		{3F711D62-1E9D-45B5-A4C4-84A81A7189CE}.Release|x64.ActiveCfg = Release|Any CPU
		{3F711D62-1E9D-45B5-A4C4-84A81A7189CE}.Release|x64.Build.0 = Release|Any CPU
		{3F711D62-1E9D-45B5-A4C4-84A81A7189CE}.Release|x86.ActiveCfg = Release|Any CPU
		{3F711D62-1E9D-45B5-A4C4-84A81A7189CE}.Release|x86.Build.0 = Release|Any CPU
		{33B9E5B0-D3DC-45DD-8531-7366657378EA}.Debug|Any CPU.ActiveCfg = Debug|Any CPU
		{33B9E5B0-D3DC-45DD-8531-7366657378EA}.Debug|Any CPU.Build.0 = Debug|Any CPU
		{33B9E5B0-D3DC-45DD-8531-7366657378EA}.Debug|x64.ActiveCfg = Debug|Any CPU
		{33B9E5B0-D3DC-45DD-8531-7366657378EA}.Debug|x64.Build.0 = Debug|Any CPU
		{33B9E5B0-D3DC-45DD-8531-7366657378EA}.Debug|x86.ActiveCfg = Debug|Any CPU
		{33B9E5B0-D3DC-45DD-8531-7366657378EA}.Debug|x86.Build.0 = Debug|Any CPU
		{33B9E5B0-D3DC-45DD-8531-7366657378EA}.Release|Any CPU.ActiveCfg = Release|Any CPU
		{33B9E5B0-D3DC-45DD-8531-7366657378EA}.Release|Any CPU.Build.0 = Release|Any CPU
		{33B9E5B0-D3DC-45DD-8531-7366657378EA}.Release|x64.ActiveCfg = Release|Any CPU
		{33B9E5B0-D3DC-45DD-8531-7366657378EA}.Release|x64.Build.0 = Release|Any CPU
		{33B9E5B0-D3DC-45DD-8531-7366657378EA}.Release|x86.ActiveCfg = Release|Any CPU
		{33B9E5B0-D3DC-45DD-8531-7366657378EA}.Release|x86.Build.0 = Release|Any CPU
		{AC933555-1C95-483E-9BB3-5912A0FEB794}.Debug|Any CPU.ActiveCfg = Debug|Any CPU
		{AC933555-1C95-483E-9BB3-5912A0FEB794}.Debug|Any CPU.Build.0 = Debug|Any CPU
		{AC933555-1C95-483E-9BB3-5912A0FEB794}.Debug|x64.ActiveCfg = Debug|Any CPU
		{AC933555-1C95-483E-9BB3-5912A0FEB794}.Debug|x64.Build.0 = Debug|Any CPU
		{AC933555-1C95-483E-9BB3-5912A0FEB794}.Debug|x86.ActiveCfg = Debug|Any CPU
		{AC933555-1C95-483E-9BB3-5912A0FEB794}.Debug|x86.Build.0 = Debug|Any CPU
		{AC933555-1C95-483E-9BB3-5912A0FEB794}.Release|Any CPU.ActiveCfg = Release|Any CPU
		{AC933555-1C95-483E-9BB3-5912A0FEB794}.Release|Any CPU.Build.0 = Release|Any CPU
		{AC933555-1C95-483E-9BB3-5912A0FEB794}.Release|x64.ActiveCfg = Release|Any CPU
		{AC933555-1C95-483E-9BB3-5912A0FEB794}.Release|x64.Build.0 = Release|Any CPU
		{AC933555-1C95-483E-9BB3-5912A0FEB794}.Release|x86.ActiveCfg = Release|Any CPU
		{AC933555-1C95-483E-9BB3-5912A0FEB794}.Release|x86.Build.0 = Release|Any CPU
		{8E7F2969-8FD4-47CC-A38B-6E05D2E3A336}.Debug|Any CPU.ActiveCfg = Debug|Any CPU
		{8E7F2969-8FD4-47CC-A38B-6E05D2E3A336}.Debug|Any CPU.Build.0 = Debug|Any CPU
		{8E7F2969-8FD4-47CC-A38B-6E05D2E3A336}.Debug|x64.ActiveCfg = Debug|Any CPU
		{8E7F2969-8FD4-47CC-A38B-6E05D2E3A336}.Debug|x64.Build.0 = Debug|Any CPU
		{8E7F2969-8FD4-47CC-A38B-6E05D2E3A336}.Debug|x86.ActiveCfg = Debug|Any CPU
		{8E7F2969-8FD4-47CC-A38B-6E05D2E3A336}.Debug|x86.Build.0 = Debug|Any CPU
		{8E7F2969-8FD4-47CC-A38B-6E05D2E3A336}.Release|Any CPU.ActiveCfg = Release|Any CPU
		{8E7F2969-8FD4-47CC-A38B-6E05D2E3A336}.Release|Any CPU.Build.0 = Release|Any CPU
		{8E7F2969-8FD4-47CC-A38B-6E05D2E3A336}.Release|x64.ActiveCfg = Release|Any CPU
		{8E7F2969-8FD4-47CC-A38B-6E05D2E3A336}.Release|x64.Build.0 = Release|Any CPU
		{8E7F2969-8FD4-47CC-A38B-6E05D2E3A336}.Release|x86.ActiveCfg = Release|Any CPU
		{8E7F2969-8FD4-47CC-A38B-6E05D2E3A336}.Release|x86.Build.0 = Release|Any CPU
		{81B0FBD5-BF90-4042-845E-572A1E34BABF}.Debug|Any CPU.ActiveCfg = Debug|Any CPU
		{81B0FBD5-BF90-4042-845E-572A1E34BABF}.Debug|Any CPU.Build.0 = Debug|Any CPU
		{81B0FBD5-BF90-4042-845E-572A1E34BABF}.Debug|x64.ActiveCfg = Debug|Any CPU
		{81B0FBD5-BF90-4042-845E-572A1E34BABF}.Debug|x64.Build.0 = Debug|Any CPU
		{81B0FBD5-BF90-4042-845E-572A1E34BABF}.Debug|x86.ActiveCfg = Debug|Any CPU
		{81B0FBD5-BF90-4042-845E-572A1E34BABF}.Debug|x86.Build.0 = Debug|Any CPU
		{81B0FBD5-BF90-4042-845E-572A1E34BABF}.Release|Any CPU.ActiveCfg = Release|Any CPU
		{81B0FBD5-BF90-4042-845E-572A1E34BABF}.Release|Any CPU.Build.0 = Release|Any CPU
		{81B0FBD5-BF90-4042-845E-572A1E34BABF}.Release|x64.ActiveCfg = Release|Any CPU
		{81B0FBD5-BF90-4042-845E-572A1E34BABF}.Release|x64.Build.0 = Release|Any CPU
		{81B0FBD5-BF90-4042-845E-572A1E34BABF}.Release|x86.ActiveCfg = Release|Any CPU
		{81B0FBD5-BF90-4042-845E-572A1E34BABF}.Release|x86.Build.0 = Release|Any CPU
		{264B317F-9232-4909-AA3C-0FF077402B0E}.Debug|Any CPU.ActiveCfg = Debug|Any CPU
		{264B317F-9232-4909-AA3C-0FF077402B0E}.Debug|Any CPU.Build.0 = Debug|Any CPU
		{264B317F-9232-4909-AA3C-0FF077402B0E}.Debug|x64.ActiveCfg = Debug|Any CPU
		{264B317F-9232-4909-AA3C-0FF077402B0E}.Debug|x64.Build.0 = Debug|Any CPU
		{264B317F-9232-4909-AA3C-0FF077402B0E}.Debug|x86.ActiveCfg = Debug|Any CPU
		{264B317F-9232-4909-AA3C-0FF077402B0E}.Debug|x86.Build.0 = Debug|Any CPU
		{264B317F-9232-4909-AA3C-0FF077402B0E}.Release|Any CPU.ActiveCfg = Release|Any CPU
		{264B317F-9232-4909-AA3C-0FF077402B0E}.Release|Any CPU.Build.0 = Release|Any CPU
		{264B317F-9232-4909-AA3C-0FF077402B0E}.Release|x64.ActiveCfg = Release|Any CPU
		{264B317F-9232-4909-AA3C-0FF077402B0E}.Release|x64.Build.0 = Release|Any CPU
		{264B317F-9232-4909-AA3C-0FF077402B0E}.Release|x86.ActiveCfg = Release|Any CPU
		{264B317F-9232-4909-AA3C-0FF077402B0E}.Release|x86.Build.0 = Release|Any CPU
		{18AD29FF-63FB-42C9-8FAE-F09041B01E94}.Debug|Any CPU.ActiveCfg = Debug|Any CPU
		{18AD29FF-63FB-42C9-8FAE-F09041B01E94}.Debug|Any CPU.Build.0 = Debug|Any CPU
		{18AD29FF-63FB-42C9-8FAE-F09041B01E94}.Debug|x64.ActiveCfg = Debug|Any CPU
		{18AD29FF-63FB-42C9-8FAE-F09041B01E94}.Debug|x64.Build.0 = Debug|Any CPU
		{18AD29FF-63FB-42C9-8FAE-F09041B01E94}.Debug|x86.ActiveCfg = Debug|Any CPU
		{18AD29FF-63FB-42C9-8FAE-F09041B01E94}.Debug|x86.Build.0 = Debug|Any CPU
		{18AD29FF-63FB-42C9-8FAE-F09041B01E94}.Release|Any CPU.ActiveCfg = Release|Any CPU
		{18AD29FF-63FB-42C9-8FAE-F09041B01E94}.Release|Any CPU.Build.0 = Release|Any CPU
		{18AD29FF-63FB-42C9-8FAE-F09041B01E94}.Release|x64.ActiveCfg = Release|Any CPU
		{18AD29FF-63FB-42C9-8FAE-F09041B01E94}.Release|x64.Build.0 = Release|Any CPU
		{18AD29FF-63FB-42C9-8FAE-F09041B01E94}.Release|x86.ActiveCfg = Release|Any CPU
		{18AD29FF-63FB-42C9-8FAE-F09041B01E94}.Release|x86.Build.0 = Release|Any CPU
		{9492C558-0669-4151-B67B-6EADC4E1FB1A}.Debug|Any CPU.ActiveCfg = Debug|Any CPU
		{9492C558-0669-4151-B67B-6EADC4E1FB1A}.Debug|Any CPU.Build.0 = Debug|Any CPU
		{9492C558-0669-4151-B67B-6EADC4E1FB1A}.Debug|x64.ActiveCfg = Debug|Any CPU
		{9492C558-0669-4151-B67B-6EADC4E1FB1A}.Debug|x64.Build.0 = Debug|Any CPU
		{9492C558-0669-4151-B67B-6EADC4E1FB1A}.Debug|x86.ActiveCfg = Debug|Any CPU
		{9492C558-0669-4151-B67B-6EADC4E1FB1A}.Debug|x86.Build.0 = Debug|Any CPU
		{9492C558-0669-4151-B67B-6EADC4E1FB1A}.Release|Any CPU.ActiveCfg = Release|Any CPU
		{9492C558-0669-4151-B67B-6EADC4E1FB1A}.Release|Any CPU.Build.0 = Release|Any CPU
		{9492C558-0669-4151-B67B-6EADC4E1FB1A}.Release|x64.ActiveCfg = Release|Any CPU
		{9492C558-0669-4151-B67B-6EADC4E1FB1A}.Release|x64.Build.0 = Release|Any CPU
		{9492C558-0669-4151-B67B-6EADC4E1FB1A}.Release|x86.ActiveCfg = Release|Any CPU
		{9492C558-0669-4151-B67B-6EADC4E1FB1A}.Release|x86.Build.0 = Release|Any CPU
		{E75708DB-B665-4B03-A33E-7D2AB60C5F3A}.Debug|Any CPU.ActiveCfg = Debug|Any CPU
		{E75708DB-B665-4B03-A33E-7D2AB60C5F3A}.Debug|Any CPU.Build.0 = Debug|Any CPU
		{E75708DB-B665-4B03-A33E-7D2AB60C5F3A}.Debug|x64.ActiveCfg = Debug|Any CPU
		{E75708DB-B665-4B03-A33E-7D2AB60C5F3A}.Debug|x64.Build.0 = Debug|Any CPU
		{E75708DB-B665-4B03-A33E-7D2AB60C5F3A}.Debug|x86.ActiveCfg = Debug|Any CPU
		{E75708DB-B665-4B03-A33E-7D2AB60C5F3A}.Debug|x86.Build.0 = Debug|Any CPU
		{E75708DB-B665-4B03-A33E-7D2AB60C5F3A}.Release|Any CPU.ActiveCfg = Release|Any CPU
		{E75708DB-B665-4B03-A33E-7D2AB60C5F3A}.Release|Any CPU.Build.0 = Release|Any CPU
		{E75708DB-B665-4B03-A33E-7D2AB60C5F3A}.Release|x64.ActiveCfg = Release|Any CPU
		{E75708DB-B665-4B03-A33E-7D2AB60C5F3A}.Release|x64.Build.0 = Release|Any CPU
		{E75708DB-B665-4B03-A33E-7D2AB60C5F3A}.Release|x86.ActiveCfg = Release|Any CPU
		{E75708DB-B665-4B03-A33E-7D2AB60C5F3A}.Release|x86.Build.0 = Release|Any CPU
		{3B9562A3-D90F-4659-BDE8-0FDBF345FDCF}.Debug|Any CPU.ActiveCfg = Debug|Any CPU
		{3B9562A3-D90F-4659-BDE8-0FDBF345FDCF}.Debug|Any CPU.Build.0 = Debug|Any CPU
		{3B9562A3-D90F-4659-BDE8-0FDBF345FDCF}.Debug|x64.ActiveCfg = Debug|Any CPU
		{3B9562A3-D90F-4659-BDE8-0FDBF345FDCF}.Debug|x64.Build.0 = Debug|Any CPU
		{3B9562A3-D90F-4659-BDE8-0FDBF345FDCF}.Debug|x86.ActiveCfg = Debug|Any CPU
		{3B9562A3-D90F-4659-BDE8-0FDBF345FDCF}.Debug|x86.Build.0 = Debug|Any CPU
		{3B9562A3-D90F-4659-BDE8-0FDBF345FDCF}.Release|Any CPU.ActiveCfg = Release|Any CPU
		{3B9562A3-D90F-4659-BDE8-0FDBF345FDCF}.Release|Any CPU.Build.0 = Release|Any CPU
		{3B9562A3-D90F-4659-BDE8-0FDBF345FDCF}.Release|x64.ActiveCfg = Release|Any CPU
		{3B9562A3-D90F-4659-BDE8-0FDBF345FDCF}.Release|x64.Build.0 = Release|Any CPU
		{3B9562A3-D90F-4659-BDE8-0FDBF345FDCF}.Release|x86.ActiveCfg = Release|Any CPU
		{3B9562A3-D90F-4659-BDE8-0FDBF345FDCF}.Release|x86.Build.0 = Release|Any CPU
		{5CF60C0E-9B3F-4ED7-A293-E01ACA532818}.Debug|Any CPU.ActiveCfg = Debug|Any CPU
		{5CF60C0E-9B3F-4ED7-A293-E01ACA532818}.Debug|Any CPU.Build.0 = Debug|Any CPU
		{5CF60C0E-9B3F-4ED7-A293-E01ACA532818}.Debug|x64.ActiveCfg = Debug|Any CPU
		{5CF60C0E-9B3F-4ED7-A293-E01ACA532818}.Debug|x64.Build.0 = Debug|Any CPU
		{5CF60C0E-9B3F-4ED7-A293-E01ACA532818}.Debug|x86.ActiveCfg = Debug|Any CPU
		{5CF60C0E-9B3F-4ED7-A293-E01ACA532818}.Debug|x86.Build.0 = Debug|Any CPU
		{5CF60C0E-9B3F-4ED7-A293-E01ACA532818}.Release|Any CPU.ActiveCfg = Release|Any CPU
		{5CF60C0E-9B3F-4ED7-A293-E01ACA532818}.Release|Any CPU.Build.0 = Release|Any CPU
		{5CF60C0E-9B3F-4ED7-A293-E01ACA532818}.Release|x64.ActiveCfg = Release|Any CPU
		{5CF60C0E-9B3F-4ED7-A293-E01ACA532818}.Release|x64.Build.0 = Release|Any CPU
		{5CF60C0E-9B3F-4ED7-A293-E01ACA532818}.Release|x86.ActiveCfg = Release|Any CPU
		{5CF60C0E-9B3F-4ED7-A293-E01ACA532818}.Release|x86.Build.0 = Release|Any CPU
		{7083035F-35C1-4538-9CB7-543690667424}.Debug|Any CPU.ActiveCfg = Debug|Any CPU
		{7083035F-35C1-4538-9CB7-543690667424}.Debug|Any CPU.Build.0 = Debug|Any CPU
		{7083035F-35C1-4538-9CB7-543690667424}.Debug|x64.ActiveCfg = Debug|Any CPU
		{7083035F-35C1-4538-9CB7-543690667424}.Debug|x64.Build.0 = Debug|Any CPU
		{7083035F-35C1-4538-9CB7-543690667424}.Debug|x86.ActiveCfg = Debug|Any CPU
		{7083035F-35C1-4538-9CB7-543690667424}.Debug|x86.Build.0 = Debug|Any CPU
		{7083035F-35C1-4538-9CB7-543690667424}.Release|Any CPU.ActiveCfg = Release|Any CPU
		{7083035F-35C1-4538-9CB7-543690667424}.Release|Any CPU.Build.0 = Release|Any CPU
		{7083035F-35C1-4538-9CB7-543690667424}.Release|x64.ActiveCfg = Release|Any CPU
		{7083035F-35C1-4538-9CB7-543690667424}.Release|x64.Build.0 = Release|Any CPU
		{7083035F-35C1-4538-9CB7-543690667424}.Release|x86.ActiveCfg = Release|Any CPU
		{7083035F-35C1-4538-9CB7-543690667424}.Release|x86.Build.0 = Release|Any CPU
		{2CD743AE-6039-4C99-8099-A207ACE49E92}.Debug|Any CPU.ActiveCfg = Debug|Any CPU
		{2CD743AE-6039-4C99-8099-A207ACE49E92}.Debug|Any CPU.Build.0 = Debug|Any CPU
		{2CD743AE-6039-4C99-8099-A207ACE49E92}.Debug|x64.ActiveCfg = Debug|Any CPU
		{2CD743AE-6039-4C99-8099-A207ACE49E92}.Debug|x64.Build.0 = Debug|Any CPU
		{2CD743AE-6039-4C99-8099-A207ACE49E92}.Debug|x86.ActiveCfg = Debug|Any CPU
		{2CD743AE-6039-4C99-8099-A207ACE49E92}.Debug|x86.Build.0 = Debug|Any CPU
		{2CD743AE-6039-4C99-8099-A207ACE49E92}.Release|Any CPU.ActiveCfg = Release|Any CPU
		{2CD743AE-6039-4C99-8099-A207ACE49E92}.Release|Any CPU.Build.0 = Release|Any CPU
		{2CD743AE-6039-4C99-8099-A207ACE49E92}.Release|x64.ActiveCfg = Release|Any CPU
		{2CD743AE-6039-4C99-8099-A207ACE49E92}.Release|x64.Build.0 = Release|Any CPU
		{2CD743AE-6039-4C99-8099-A207ACE49E92}.Release|x86.ActiveCfg = Release|Any CPU
		{2CD743AE-6039-4C99-8099-A207ACE49E92}.Release|x86.Build.0 = Release|Any CPU
		{E8555B87-7755-4ECE-AE87-4F67C48D5884}.Debug|Any CPU.ActiveCfg = Debug|Any CPU
		{E8555B87-7755-4ECE-AE87-4F67C48D5884}.Debug|Any CPU.Build.0 = Debug|Any CPU
		{E8555B87-7755-4ECE-AE87-4F67C48D5884}.Debug|x64.ActiveCfg = Debug|Any CPU
		{E8555B87-7755-4ECE-AE87-4F67C48D5884}.Debug|x64.Build.0 = Debug|Any CPU
		{E8555B87-7755-4ECE-AE87-4F67C48D5884}.Debug|x86.ActiveCfg = Debug|Any CPU
		{E8555B87-7755-4ECE-AE87-4F67C48D5884}.Debug|x86.Build.0 = Debug|Any CPU
		{E8555B87-7755-4ECE-AE87-4F67C48D5884}.Release|Any CPU.ActiveCfg = Release|Any CPU
		{E8555B87-7755-4ECE-AE87-4F67C48D5884}.Release|Any CPU.Build.0 = Release|Any CPU
		{E8555B87-7755-4ECE-AE87-4F67C48D5884}.Release|x64.ActiveCfg = Release|Any CPU
		{E8555B87-7755-4ECE-AE87-4F67C48D5884}.Release|x64.Build.0 = Release|Any CPU
		{E8555B87-7755-4ECE-AE87-4F67C48D5884}.Release|x86.ActiveCfg = Release|Any CPU
		{E8555B87-7755-4ECE-AE87-4F67C48D5884}.Release|x86.Build.0 = Release|Any CPU
		{945A0EE2-1850-4572-8D8D-3B879ABB3258}.Debug|Any CPU.ActiveCfg = Debug|Any CPU
		{945A0EE2-1850-4572-8D8D-3B879ABB3258}.Debug|Any CPU.Build.0 = Debug|Any CPU
		{945A0EE2-1850-4572-8D8D-3B879ABB3258}.Debug|x64.ActiveCfg = Debug|Any CPU
		{945A0EE2-1850-4572-8D8D-3B879ABB3258}.Debug|x64.Build.0 = Debug|Any CPU
		{945A0EE2-1850-4572-8D8D-3B879ABB3258}.Debug|x86.ActiveCfg = Debug|Any CPU
		{945A0EE2-1850-4572-8D8D-3B879ABB3258}.Debug|x86.Build.0 = Debug|Any CPU
		{945A0EE2-1850-4572-8D8D-3B879ABB3258}.Release|Any CPU.ActiveCfg = Release|Any CPU
		{945A0EE2-1850-4572-8D8D-3B879ABB3258}.Release|Any CPU.Build.0 = Release|Any CPU
		{945A0EE2-1850-4572-8D8D-3B879ABB3258}.Release|x64.ActiveCfg = Release|Any CPU
		{945A0EE2-1850-4572-8D8D-3B879ABB3258}.Release|x64.Build.0 = Release|Any CPU
		{945A0EE2-1850-4572-8D8D-3B879ABB3258}.Release|x86.ActiveCfg = Release|Any CPU
		{945A0EE2-1850-4572-8D8D-3B879ABB3258}.Release|x86.Build.0 = Release|Any CPU
		{4D1C6B25-615D-4B3A-986B-6FFB686C97A1}.Debug|Any CPU.ActiveCfg = Debug|Any CPU
		{4D1C6B25-615D-4B3A-986B-6FFB686C97A1}.Debug|Any CPU.Build.0 = Debug|Any CPU
		{4D1C6B25-615D-4B3A-986B-6FFB686C97A1}.Debug|x64.ActiveCfg = Debug|Any CPU
		{4D1C6B25-615D-4B3A-986B-6FFB686C97A1}.Debug|x64.Build.0 = Debug|Any CPU
		{4D1C6B25-615D-4B3A-986B-6FFB686C97A1}.Debug|x86.ActiveCfg = Debug|Any CPU
		{4D1C6B25-615D-4B3A-986B-6FFB686C97A1}.Debug|x86.Build.0 = Debug|Any CPU
		{4D1C6B25-615D-4B3A-986B-6FFB686C97A1}.Release|Any CPU.ActiveCfg = Release|Any CPU
		{4D1C6B25-615D-4B3A-986B-6FFB686C97A1}.Release|Any CPU.Build.0 = Release|Any CPU
		{4D1C6B25-615D-4B3A-986B-6FFB686C97A1}.Release|x64.ActiveCfg = Release|Any CPU
		{4D1C6B25-615D-4B3A-986B-6FFB686C97A1}.Release|x64.Build.0 = Release|Any CPU
		{4D1C6B25-615D-4B3A-986B-6FFB686C97A1}.Release|x86.ActiveCfg = Release|Any CPU
		{4D1C6B25-615D-4B3A-986B-6FFB686C97A1}.Release|x86.Build.0 = Release|Any CPU
		{6E067D8A-54A4-413E-9B63-A6200CB16018}.Debug|Any CPU.ActiveCfg = Debug|Any CPU
		{6E067D8A-54A4-413E-9B63-A6200CB16018}.Debug|Any CPU.Build.0 = Debug|Any CPU
		{6E067D8A-54A4-413E-9B63-A6200CB16018}.Debug|x64.ActiveCfg = Debug|Any CPU
		{6E067D8A-54A4-413E-9B63-A6200CB16018}.Debug|x64.Build.0 = Debug|Any CPU
		{6E067D8A-54A4-413E-9B63-A6200CB16018}.Debug|x86.ActiveCfg = Debug|Any CPU
		{6E067D8A-54A4-413E-9B63-A6200CB16018}.Debug|x86.Build.0 = Debug|Any CPU
		{6E067D8A-54A4-413E-9B63-A6200CB16018}.Release|Any CPU.ActiveCfg = Release|Any CPU
		{6E067D8A-54A4-413E-9B63-A6200CB16018}.Release|Any CPU.Build.0 = Release|Any CPU
		{6E067D8A-54A4-413E-9B63-A6200CB16018}.Release|x64.ActiveCfg = Release|Any CPU
		{6E067D8A-54A4-413E-9B63-A6200CB16018}.Release|x64.Build.0 = Release|Any CPU
		{6E067D8A-54A4-413E-9B63-A6200CB16018}.Release|x86.ActiveCfg = Release|Any CPU
		{6E067D8A-54A4-413E-9B63-A6200CB16018}.Release|x86.Build.0 = Release|Any CPU
		{0C41F220-A9B7-45E2-9B72-0998E8CCE05C}.Debug|Any CPU.ActiveCfg = Debug|Any CPU
		{0C41F220-A9B7-45E2-9B72-0998E8CCE05C}.Debug|Any CPU.Build.0 = Debug|Any CPU
		{0C41F220-A9B7-45E2-9B72-0998E8CCE05C}.Debug|x64.ActiveCfg = Debug|Any CPU
		{0C41F220-A9B7-45E2-9B72-0998E8CCE05C}.Debug|x64.Build.0 = Debug|Any CPU
		{0C41F220-A9B7-45E2-9B72-0998E8CCE05C}.Debug|x86.ActiveCfg = Debug|Any CPU
		{0C41F220-A9B7-45E2-9B72-0998E8CCE05C}.Debug|x86.Build.0 = Debug|Any CPU
		{0C41F220-A9B7-45E2-9B72-0998E8CCE05C}.Release|Any CPU.ActiveCfg = Release|Any CPU
		{0C41F220-A9B7-45E2-9B72-0998E8CCE05C}.Release|Any CPU.Build.0 = Release|Any CPU
		{0C41F220-A9B7-45E2-9B72-0998E8CCE05C}.Release|x64.ActiveCfg = Release|Any CPU
		{0C41F220-A9B7-45E2-9B72-0998E8CCE05C}.Release|x64.Build.0 = Release|Any CPU
		{0C41F220-A9B7-45E2-9B72-0998E8CCE05C}.Release|x86.ActiveCfg = Release|Any CPU
		{0C41F220-A9B7-45E2-9B72-0998E8CCE05C}.Release|x86.Build.0 = Release|Any CPU
		{38A978CD-389A-4DA7-AAF7-4095E0AD9F1D}.Debug|Any CPU.ActiveCfg = Debug|Any CPU
		{38A978CD-389A-4DA7-AAF7-4095E0AD9F1D}.Debug|Any CPU.Build.0 = Debug|Any CPU
		{38A978CD-389A-4DA7-AAF7-4095E0AD9F1D}.Debug|x64.ActiveCfg = Debug|Any CPU
		{38A978CD-389A-4DA7-AAF7-4095E0AD9F1D}.Debug|x64.Build.0 = Debug|Any CPU
		{38A978CD-389A-4DA7-AAF7-4095E0AD9F1D}.Debug|x86.ActiveCfg = Debug|Any CPU
		{38A978CD-389A-4DA7-AAF7-4095E0AD9F1D}.Debug|x86.Build.0 = Debug|Any CPU
		{38A978CD-389A-4DA7-AAF7-4095E0AD9F1D}.Release|Any CPU.ActiveCfg = Release|Any CPU
		{38A978CD-389A-4DA7-AAF7-4095E0AD9F1D}.Release|Any CPU.Build.0 = Release|Any CPU
		{38A978CD-389A-4DA7-AAF7-4095E0AD9F1D}.Release|x64.ActiveCfg = Release|Any CPU
		{38A978CD-389A-4DA7-AAF7-4095E0AD9F1D}.Release|x64.Build.0 = Release|Any CPU
		{38A978CD-389A-4DA7-AAF7-4095E0AD9F1D}.Release|x86.ActiveCfg = Release|Any CPU
		{38A978CD-389A-4DA7-AAF7-4095E0AD9F1D}.Release|x86.Build.0 = Release|Any CPU
		{D3536B16-CDF3-45A4-96EB-1D89EBDD68E3}.Debug|Any CPU.ActiveCfg = Debug|Any CPU
		{D3536B16-CDF3-45A4-96EB-1D89EBDD68E3}.Debug|Any CPU.Build.0 = Debug|Any CPU
		{D3536B16-CDF3-45A4-96EB-1D89EBDD68E3}.Debug|x64.ActiveCfg = Debug|Any CPU
		{D3536B16-CDF3-45A4-96EB-1D89EBDD68E3}.Debug|x64.Build.0 = Debug|Any CPU
		{D3536B16-CDF3-45A4-96EB-1D89EBDD68E3}.Debug|x86.ActiveCfg = Debug|Any CPU
		{D3536B16-CDF3-45A4-96EB-1D89EBDD68E3}.Debug|x86.Build.0 = Debug|Any CPU
		{D3536B16-CDF3-45A4-96EB-1D89EBDD68E3}.Release|Any CPU.ActiveCfg = Release|Any CPU
		{D3536B16-CDF3-45A4-96EB-1D89EBDD68E3}.Release|Any CPU.Build.0 = Release|Any CPU
		{D3536B16-CDF3-45A4-96EB-1D89EBDD68E3}.Release|x64.ActiveCfg = Release|Any CPU
		{D3536B16-CDF3-45A4-96EB-1D89EBDD68E3}.Release|x64.Build.0 = Release|Any CPU
		{D3536B16-CDF3-45A4-96EB-1D89EBDD68E3}.Release|x86.ActiveCfg = Release|Any CPU
		{D3536B16-CDF3-45A4-96EB-1D89EBDD68E3}.Release|x86.Build.0 = Release|Any CPU
	EndGlobalSection
	GlobalSection(SolutionProperties) = preSolution
		HideSolutionNode = FALSE
	EndGlobalSection
	GlobalSection(NestedProjects) = preSolution
		{BDE91391-3B17-4B74-A046-65ED74926B2C} = {AB0D0343-6FC3-47B6-B495-55674A88EDC6}
		{D5ED430C-D947-4AF2-9750-9EF769E07846} = {C9A75868-E88D-4835-82B3-542A6FCBAD61}
		{3F711D62-1E9D-45B5-A4C4-84A81A7189CE} = {62F3CCED-8987-4896-ACBD-A5213C2228C7}
		{33B9E5B0-D3DC-45DD-8531-7366657378EA} = {AB0D0343-6FC3-47B6-B495-55674A88EDC6}
		{AC933555-1C95-483E-9BB3-5912A0FEB794} = {62F3CCED-8987-4896-ACBD-A5213C2228C7}
		{8E7F2969-8FD4-47CC-A38B-6E05D2E3A336} = {AB0D0343-6FC3-47B6-B495-55674A88EDC6}
		{81B0FBD5-BF90-4042-845E-572A1E34BABF} = {AB0D0343-6FC3-47B6-B495-55674A88EDC6}
		{264B317F-9232-4909-AA3C-0FF077402B0E} = {AB0D0343-6FC3-47B6-B495-55674A88EDC6}
		{18AD29FF-63FB-42C9-8FAE-F09041B01E94} = {AB0D0343-6FC3-47B6-B495-55674A88EDC6}
		{9492C558-0669-4151-B67B-6EADC4E1FB1A} = {62F3CCED-8987-4896-ACBD-A5213C2228C7}
		{E75708DB-B665-4B03-A33E-7D2AB60C5F3A} = {62F3CCED-8987-4896-ACBD-A5213C2228C7}
		{3B9562A3-D90F-4659-BDE8-0FDBF345FDCF} = {62F3CCED-8987-4896-ACBD-A5213C2228C7}
		{5CF60C0E-9B3F-4ED7-A293-E01ACA532818} = {62F3CCED-8987-4896-ACBD-A5213C2228C7}
		{7083035F-35C1-4538-9CB7-543690667424} = {AB0D0343-6FC3-47B6-B495-55674A88EDC6}
		{2CD743AE-6039-4C99-8099-A207ACE49E92} = {AB0D0343-6FC3-47B6-B495-55674A88EDC6}
		{E8555B87-7755-4ECE-AE87-4F67C48D5884} = {AB0D0343-6FC3-47B6-B495-55674A88EDC6}
		{945A0EE2-1850-4572-8D8D-3B879ABB3258} = {AB0D0343-6FC3-47B6-B495-55674A88EDC6}
		{4D1C6B25-615D-4B3A-986B-6FFB686C97A1} = {C9A75868-E88D-4835-82B3-542A6FCBAD61}
		{6E067D8A-54A4-413E-9B63-A6200CB16018} = {AB0D0343-6FC3-47B6-B495-55674A88EDC6}
		{0C41F220-A9B7-45E2-9B72-0998E8CCE05C} = {C9A75868-E88D-4835-82B3-542A6FCBAD61}
		{38A978CD-389A-4DA7-AAF7-4095E0AD9F1D} = {C9A75868-E88D-4835-82B3-542A6FCBAD61}
	EndGlobalSection
	GlobalSection(ExtensibilityGlobals) = postSolution
		SolutionGuid = {56E6278B-B339-45D3-8308-2AE3FF4B0909}
	EndGlobalSection
EndGlobal
